// !$*UTF8*$!
{
	archiveVersion = 1;
	classes = {
	};
	objectVersion = 46;
	objects = {

/* Begin PBXBuildFile section */
		D9BE58A81D58827700D6703C /* AppDelegate.swift in Sources */ = {isa = PBXBuildFile; fileRef = D9BE58A71D58827700D6703C /* AppDelegate.swift */; };
		D9BE58AF1D58827700D6703C /* Assets.xcassets in Resources */ = {isa = PBXBuildFile; fileRef = D9BE58AE1D58827700D6703C /* Assets.xcassets */; };
/* End PBXBuildFile section */

/* Begin PBXFileReference section */
		D9BE58A41D58827700D6703C /* Dantang.app */ = {isa = PBXFileReference; explicitFileType = wrapper.application; includeInIndex = 0; path = Dantang.app; sourceTree = BUILT_PRODUCTS_DIR; };
		D9BE58A71D58827700D6703C /* AppDelegate.swift */ = {isa = PBXFileReference; lastKnownFileType = sourcecode.swift; path = AppDelegate.swift; sourceTree = "<group>"; };
		D9BE58AE1D58827700D6703C /* Assets.xcassets */ = {isa = PBXFileReference; lastKnownFileType = folder.assetcatalog; path = Assets.xcassets; sourceTree = "<group>"; };
		D9BE58B31D58827700D6703C /* Info.plist */ = {isa = PBXFileReference; lastKnownFileType = text.plist.xml; path = Info.plist; sourceTree = "<group>"; };
/* End PBXFileReference section */

/* Begin PBXFrameworksBuildPhase section */
		D9BE58A11D58827700D6703C /* Frameworks */ = {
			isa = PBXFrameworksBuildPhase;
			buildActionMask = 2147483647;
			files = (
			);
			runOnlyForDeploymentPostprocessing = 0;
		};
/* End PBXFrameworksBuildPhase section */

/* Begin PBXGroup section */
		D9BE589B1D58827700D6703C = {
			isa = PBXGroup;
			children = (
				D9BE58A61D58827700D6703C /* Dantang */,
				D9BE58A51D58827700D6703C /* Products */,
			);
			sourceTree = "<group>";
		};
		D9BE58A51D58827700D6703C /* Products */ = {
			isa = PBXGroup;
			children = (
				D9BE58A41D58827700D6703C /* Dantang.app */,
			);
			name = Products;
			sourceTree = "<group>";
		};
		D9BE58A61D58827700D6703C /* Dantang */ = {
			isa = PBXGroup;
			children = (
				D9BE58B91D58837B00D6703C /* Classify */,
				D9BE58BD1D58837B00D6703C /* DanTang */,
				D9BE58C11D58837B00D6703C /* Login&Register */,
				D9BE58C31D58837B00D6703C /* Main */,
				D9BE58C71D58837B00D6703C /* Me */,
				D9BE58CB1D58837B00D6703C /* Others */,
				D9BE58CC1D58837B00D6703C /* Product */,
				D9BE58A71D58827700D6703C /* AppDelegate.swift */,
				D9BE58AE1D58827700D6703C /* Assets.xcassets */,
				D9BE58B31D58827700D6703C /* Info.plist */,
			);
			path = Dantang;
			sourceTree = "<group>";
		};
		D9BE58B91D58837B00D6703C /* Classify */ = {
			isa = PBXGroup;
			children = (
				D9BE58BA1D58837B00D6703C /* Controller */,
				D9BE58BB1D58837B00D6703C /* Model */,
				D9BE58BC1D58837B00D6703C /* View */,
			);
			path = Classify;
			sourceTree = "<group>";
		};
		D9BE58BA1D58837B00D6703C /* Controller */ = {
			isa = PBXGroup;
			children = (
			);
			path = Controller;
			sourceTree = "<group>";
		};
		D9BE58BB1D58837B00D6703C /* Model */ = {
			isa = PBXGroup;
			children = (
			);
			path = Model;
			sourceTree = "<group>";
		};
		D9BE58BC1D58837B00D6703C /* View */ = {
			isa = PBXGroup;
			children = (
			);
			path = View;
			sourceTree = "<group>";
		};
		D9BE58BD1D58837B00D6703C /* DanTang */ = {
			isa = PBXGroup;
			children = (
				D9BE58BE1D58837B00D6703C /* Controller */,
				D9BE58BF1D58837B00D6703C /* Model */,
				D9BE58C01D58837B00D6703C /* View */,
			);
			path = DanTang;
			sourceTree = "<group>";
		};
		D9BE58BE1D58837B00D6703C /* Controller */ = {
			isa = PBXGroup;
			children = (
			);
			path = Controller;
			sourceTree = "<group>";
		};
		D9BE58BF1D58837B00D6703C /* Model */ = {
			isa = PBXGroup;
			children = (
			);
			path = Model;
			sourceTree = "<group>";
		};
		D9BE58C01D58837B00D6703C /* View */ = {
			isa = PBXGroup;
			children = (
			);
			path = View;
			sourceTree = "<group>";
		};
		D9BE58C11D58837B00D6703C /* Login&Register */ = {
			isa = PBXGroup;
			children = (
				D9BE58C21D58837B00D6703C /* Controller */,
			);
			path = "Login&Register";
			sourceTree = "<group>";
		};
		D9BE58C21D58837B00D6703C /* Controller */ = {
			isa = PBXGroup;
			children = (
			);
			path = Controller;
			sourceTree = "<group>";
		};
		D9BE58C31D58837B00D6703C /* Main */ = {
			isa = PBXGroup;
			children = (
				D9BE58C41D58837B00D6703C /* Category */,
				D9BE58C51D58837B00D6703C /* Controller */,
				D9BE58C61D58837B00D6703C /* Tools */,
			);
			path = Main;
			sourceTree = "<group>";
		};
		D9BE58C41D58837B00D6703C /* Category */ = {
			isa = PBXGroup;
			children = (
			);
			path = Category;
			sourceTree = "<group>";
		};
		D9BE58C51D58837B00D6703C /* Controller */ = {
			isa = PBXGroup;
			children = (
			);
			path = Controller;
			sourceTree = "<group>";
		};
		D9BE58C61D58837B00D6703C /* Tools */ = {
			isa = PBXGroup;
			children = (
			);
			path = Tools;
			sourceTree = "<group>";
		};
		D9BE58C71D58837B00D6703C /* Me */ = {
			isa = PBXGroup;
			children = (
				D9BE58C81D58837B00D6703C /* Controller */,
				D9BE58C91D58837B00D6703C /* Model */,
				D9BE58CA1D58837B00D6703C /* View */,
			);
			path = Me;
			sourceTree = "<group>";
		};
		D9BE58C81D58837B00D6703C /* Controller */ = {
			isa = PBXGroup;
			children = (
			);
			path = Controller;
			sourceTree = "<group>";
		};
		D9BE58C91D58837B00D6703C /* Model */ = {
			isa = PBXGroup;
			children = (
			);
			path = Model;
			sourceTree = "<group>";
		};
		D9BE58CA1D58837B00D6703C /* View */ = {
			isa = PBXGroup;
			children = (
			);
			path = View;
			sourceTree = "<group>";
		};
		D9BE58CB1D58837B00D6703C /* Others */ = {
			isa = PBXGroup;
			children = (
			);
			path = Others;
			sourceTree = "<group>";
		};
		D9BE58CC1D58837B00D6703C /* Product */ = {
			isa = PBXGroup;
			children = (
				D9BE58CD1D58837B00D6703C /* Controller */,
				D9BE58CE1D58837B00D6703C /* Model */,
				D9BE58CF1D58837B00D6703C /* View */,
			);
			path = Product;
			sourceTree = "<group>";
		};
		D9BE58CD1D58837B00D6703C /* Controller */ = {
			isa = PBXGroup;
			children = (
			);
			path = Controller;
			sourceTree = "<group>";
		};
		D9BE58CE1D58837B00D6703C /* Model */ = {
			isa = PBXGroup;
			children = (
			);
			path = Model;
			sourceTree = "<group>";
		};
		D9BE58CF1D58837B00D6703C /* View */ = {
			isa = PBXGroup;
			children = (
			);
			path = View;
			sourceTree = "<group>";
		};
/* End PBXGroup section */

/* Begin PBXNativeTarget section */
		D9BE58A31D58827700D6703C /* Dantang */ = {
			isa = PBXNativeTarget;
			buildConfigurationList = D9BE58B61D58827700D6703C /* Build configuration list for PBXNativeTarget "Dantang" */;
			buildPhases = (
				D9BE58A01D58827700D6703C /* Sources */,
				D9BE58A11D58827700D6703C /* Frameworks */,
				D9BE58A21D58827700D6703C /* Resources */,
			);
			buildRules = (
			);
			dependencies = (
			);
			name = Dantang;
			productName = Dantang;
			productReference = D9BE58A41D58827700D6703C /* Dantang.app */;
			productType = "com.apple.product-type.application";
		};
/* End PBXNativeTarget section */

/* Begin PBXProject section */
		D9BE589C1D58827700D6703C /* Project object */ = {
			isa = PBXProject;
			attributes = {
				LastSwiftUpdateCheck = 0730;
				LastUpgradeCheck = 0730;
				ORGANIZATIONNAME = song;
				TargetAttributes = {
					D9BE58A31D58827700D6703C = {
						CreatedOnToolsVersion = 7.3.1;
						DevelopmentTeam = G5HHHQL3Q9;
					};
				};
			};
			buildConfigurationList = D9BE589F1D58827700D6703C /* Build configuration list for PBXProject "Dantang" */;
			compatibilityVersion = "Xcode 3.2";
			developmentRegion = English;
			hasScannedForEncodings = 0;
			knownRegions = (
				en,
				Base,
			);
			mainGroup = D9BE589B1D58827700D6703C;
			productRefGroup = D9BE58A51D58827700D6703C /* Products */;
			projectDirPath = "";
			projectRoot = "";
			targets = (
				D9BE58A31D58827700D6703C /* Dantang */,
			);
		};
/* End PBXProject section */

/* Begin PBXResourcesBuildPhase section */
		D9BE58A21D58827700D6703C /* Resources */ = {
			isa = PBXResourcesBuildPhase;
			buildActionMask = 2147483647;
			files = (
				D9BE58AF1D58827700D6703C /* Assets.xcassets in Resources */,
			);
			runOnlyForDeploymentPostprocessing = 0;
		};
/* End PBXResourcesBuildPhase section */

/* Begin PBXSourcesBuildPhase section */
		D9BE58A01D58827700D6703C /* Sources */ = {
			isa = PBXSourcesBuildPhase;
			buildActionMask = 2147483647;
			files = (
				D9BE58A81D58827700D6703C /* AppDelegate.swift in Sources */,
			);
			runOnlyForDeploymentPostprocessing = 0;
		};
/* End PBXSourcesBuildPhase section */

/* Begin XCBuildConfiguration section */
		D9BE58B41D58827700D6703C /* Debug */ = {
			isa = XCBuildConfiguration;
			buildSettings = {
				ALWAYS_SEARCH_USER_PATHS = NO;
				CLANG_ANALYZER_NONNULL = YES;
				CLANG_CXX_LANGUAGE_STANDARD = "gnu++0x";
				CLANG_CXX_LIBRARY = "libc++";
				CLANG_ENABLE_MODULES = YES;
				CLANG_ENABLE_OBJC_ARC = YES;
				CLANG_WARN_BOOL_CONVERSION = YES;
				CLANG_WARN_CONSTANT_CONVERSION = YES;
				CLANG_WARN_DIRECT_OBJC_ISA_USAGE = YES_ERROR;
				CLANG_WARN_EMPTY_BODY = YES;
				CLANG_WARN_ENUM_CONVERSION = YES;
				CLANG_WARN_INT_CONVERSION = YES;
				CLANG_WARN_OBJC_ROOT_CLASS = YES_ERROR;
				CLANG_WARN_UNREACHABLE_CODE = YES;
				CLANG_WARN__DUPLICATE_METHOD_MATCH = YES;
				"CODE_SIGN_IDENTITY[sdk=iphoneos*]" = "iPhone Developer";
				COPY_PHASE_STRIP = NO;
				DEBUG_INFORMATION_FORMAT = dwarf;
				ENABLE_STRICT_OBJC_MSGSEND = YES;
				ENABLE_TESTABILITY = YES;
				GCC_C_LANGUAGE_STANDARD = gnu99;
				GCC_DYNAMIC_NO_PIC = NO;
				GCC_NO_COMMON_BLOCKS = YES;
				GCC_OPTIMIZATION_LEVEL = 0;
				GCC_PREPROCESSOR_DEFINITIONS = (
					"DEBUG=1",
					"$(inherited)",
				);
				GCC_WARN_64_TO_32_BIT_CONVERSION = YES;
				GCC_WARN_ABOUT_RETURN_TYPE = YES_ERROR;
				GCC_WARN_UNDECLARED_SELECTOR = YES;
				GCC_WARN_UNINITIALIZED_AUTOS = YES_AGGRESSIVE;
				GCC_WARN_UNUSED_FUNCTION = YES;
				GCC_WARN_UNUSED_VARIABLE = YES;
				IPHONEOS_DEPLOYMENT_TARGET = 9.3;
				MTL_ENABLE_DEBUG_INFO = YES;
				ONLY_ACTIVE_ARCH = YES;
				SDKROOT = iphoneos;
				SWIFT_OPTIMIZATION_LEVEL = "-Onone";
			};
			name = Debug;
		};
		D9BE58B51D58827700D6703C /* Release */ = {
			isa = XCBuildConfiguration;
			buildSettings = {
				ALWAYS_SEARCH_USER_PATHS = NO;
				CLANG_ANALYZER_NONNULL = YES;
				CLANG_CXX_LANGUAGE_STANDARD = "gnu++0x";
				CLANG_CXX_LIBRARY = "libc++";
				CLANG_ENABLE_MODULES = YES;
				CLANG_ENABLE_OBJC_ARC = YES;
				CLANG_WARN_BOOL_CONVERSION = YES;
				CLANG_WARN_CONSTANT_CONVERSION = YES;
				CLANG_WARN_DIRECT_OBJC_ISA_USAGE = YES_ERROR;
				CLANG_WARN_EMPTY_BODY = YES;
				CLANG_WARN_ENUM_CONVERSION = YES;
				CLANG_WARN_INT_CONVERSION = YES;
				CLANG_WARN_OBJC_ROOT_CLASS = YES_ERROR;
				CLANG_WARN_UNREACHABLE_CODE = YES;
				CLANG_WARN__DUPLICATE_METHOD_MATCH = YES;
				"CODE_SIGN_IDENTITY[sdk=iphoneos*]" = "iPhone Developer";
				COPY_PHASE_STRIP = NO;
				DEBUG_INFORMATION_FORMAT = "dwarf-with-dsym";
				ENABLE_NS_ASSERTIONS = NO;
				ENABLE_STRICT_OBJC_MSGSEND = YES;
				GCC_C_LANGUAGE_STANDARD = gnu99;
				GCC_NO_COMMON_BLOCKS = YES;
				GCC_WARN_64_TO_32_BIT_CONVERSION = YES;
				GCC_WARN_ABOUT_RETURN_TYPE = YES_ERROR;
				GCC_WARN_UNDECLARED_SELECTOR = YES;
				GCC_WARN_UNINITIALIZED_AUTOS = YES_AGGRESSIVE;
				GCC_WARN_UNUSED_FUNCTION = YES;
				GCC_WARN_UNUSED_VARIABLE = YES;
				IPHONEOS_DEPLOYMENT_TARGET = 9.3;
				MTL_ENABLE_DEBUG_INFO = NO;
				SDKROOT = iphoneos;
				VALIDATE_PRODUCT = YES;
			};
			name = Release;
		};
		D9BE58B71D58827700D6703C /* Debug */ = {
			isa = XCBuildConfiguration;
			buildSettings = {
				ASSETCATALOG_COMPILER_APPICON_NAME = AppIcon;
				INFOPLIST_FILE = Dantang/Info.plist;
				IPHONEOS_DEPLOYMENT_TARGET = 8.0;
				LD_RUNPATH_SEARCH_PATHS = "$(inherited) @executable_path/Frameworks";
				PRODUCT_BUNDLE_IDENTIFIER = cn.com.tarena.Dantang;
				PRODUCT_NAME = "$(TARGET_NAME)";
			};
			name = Debug;
		};
		D9BE58B81D58827700D6703C /* Release */ = {
			isa = XCBuildConfiguration;
			buildSettings = {
				ASSETCATALOG_COMPILER_APPICON_NAME = AppIcon;
				INFOPLIST_FILE = Dantang/Info.plist;
				IPHONEOS_DEPLOYMENT_TARGET = 8.0;
				LD_RUNPATH_SEARCH_PATHS = "$(inherited) @executable_path/Frameworks";
				PRODUCT_BUNDLE_IDENTIFIER = cn.com.tarena.Dantang;
				PRODUCT_NAME = "$(TARGET_NAME)";
			};
			name = Release;
		};
/* End XCBuildConfiguration section */

/* Begin XCConfigurationList section */
		D9BE589F1D58827700D6703C /* Build configuration list for PBXProject "Dantang" */ = {
			isa = XCConfigurationList;
			buildConfigurations = (
				D9BE58B41D58827700D6703C /* Debug */,
				D9BE58B51D58827700D6703C /* Release */,
			);
			defaultConfigurationIsVisible = 0;
			defaultConfigurationName = Release;
		};
		D9BE58B61D58827700D6703C /* Build configuration list for PBXNativeTarget "Dantang" */ = {
			isa = XCConfigurationList;
			buildConfigurations = (
				D9BE58B71D58827700D6703C /* Debug */,
				D9BE58B81D58827700D6703C /* Release */,
			);
			defaultConfigurationIsVisible = 0;
			defaultConfigurationName = Release;
		};
/* End XCConfigurationList section */
	};
	rootObject = D9BE589C1D58827700D6703C /* Project object */;
}
